
Microsoft Visual Studio Solution File, Format Version 12.00
# Visual Studio Version 16
VisualStudioVersion = 16.0.29009.5
MinimumVisualStudioVersion = 10.0.40219.1
Project("{FAE04EC0-301F-11D3-BF4B-00C04F79EFBC}") = "Casting", "Casting\Casting.csproj", "{EA09AC9C-0BC1-4471-8471-20EE254D7C60}"
EndProject
Project("{FAE04EC0-301F-11D3-BF4B-00C04F79EFBC}") = "MoreVariablesAndPrinting", "MoreVariablesAndPrinting\MoreVariablesAndPrinting.csproj", "{01BAAA3E-5406-4CDB-B03C-1C3222FBA20C}"
EndProject
Project("{FAE04EC0-301F-11D3-BF4B-00C04F79EFBC}") = "SadFor", "SadFor\SadFor.csproj", "{357F7727-F6D3-4CF3-A2BB-72AC6F6A28D0}"
EndProject
Project("{FAE04EC0-301F-11D3-BF4B-00C04F79EFBC}") = "VariablesAndNames", "VariablesAndNames\VariablesAndNames.csproj", "{38CD71E6-6995-4D0D-A781-B4202B40BFB1}"
EndProject
Project("{9A19103F-16F7-4668-BE54-9A1E7A4F7556}") = "Exercise_4", "Exercise_4\Exercise_4.csproj", "{9FB218B2-7851-4B73-893B-354512488944}"
EndProject
Project("{9A19103F-16F7-4668-BE54-9A1E7A4F7556}") = "Exercise_5", "Exercise_5\Exercise_5.csproj", "{B034006E-B902-4732-A2AF-FACD573DB6A0}"
EndProject
Project("{9A19103F-16F7-4668-BE54-9A1E7A4F7556}") = "Exercise_6", "Exercise_6\Exercise_6.csproj", "{D6EB7BDA-7389-424A-8007-01AB91D65204}"
EndProject
Project("{FAE04EC0-301F-11D3-BF4B-00C04F79EFBC}") = "Exercise_7", "Exercise_7\Exercise_7.csproj", "{BB1E2059-D44E-43A7-AC26-755F2B987BC6}"
EndProject
Project("{FAE04EC0-301F-11D3-BF4B-00C04F79EFBC}") = "Exercise_8", "Exercise_8\Exercise_8.csproj", "{B9572EB9-9162-4FD2-B008-E02BB36574FA}"
EndProject
Project("{FAE04EC0-301F-11D3-BF4B-00C04F79EFBC}") = "Exercise_9", "Exercise_9\Exercise_9.csproj", "{FE1C257B-1346-44D1-AA1A-BA7D374BA395}"
EndProject
Global
	GlobalSection(SolutionConfigurationPlatforms) = preSolution
		Debug|Any CPU = Debug|Any CPU
		Release|Any CPU = Release|Any CPU
	EndGlobalSection
	GlobalSection(ProjectConfigurationPlatforms) = postSolution
		{EA09AC9C-0BC1-4471-8471-20EE254D7C60}.Debug|Any CPU.ActiveCfg = Debug|Any CPU
		{EA09AC9C-0BC1-4471-8471-20EE254D7C60}.Debug|Any CPU.Build.0 = Debug|Any CPU
		{EA09AC9C-0BC1-4471-8471-20EE254D7C60}.Release|Any CPU.ActiveCfg = Release|Any CPU
		{EA09AC9C-0BC1-4471-8471-20EE254D7C60}.Release|Any CPU.Build.0 = Release|Any CPU
		{01BAAA3E-5406-4CDB-B03C-1C3222FBA20C}.Debug|Any CPU.ActiveCfg = Debug|Any CPU
		{01BAAA3E-5406-4CDB-B03C-1C3222FBA20C}.Debug|Any CPU.Build.0 = Debug|Any CPU
		{01BAAA3E-5406-4CDB-B03C-1C3222FBA20C}.Release|Any CPU.ActiveCfg = Release|Any CPU
		{01BAAA3E-5406-4CDB-B03C-1C3222FBA20C}.Release|Any CPU.Build.0 = Release|Any CPU
		{357F7727-F6D3-4CF3-A2BB-72AC6F6A28D0}.Debug|Any CPU.ActiveCfg = Debug|Any CPU
		{357F7727-F6D3-4CF3-A2BB-72AC6F6A28D0}.Debug|Any CPU.Build.0 = Debug|Any CPU
		{357F7727-F6D3-4CF3-A2BB-72AC6F6A28D0}.Release|Any CPU.ActiveCfg = Release|Any CPU
		{357F7727-F6D3-4CF3-A2BB-72AC6F6A28D0}.Release|Any CPU.Build.0 = Release|Any CPU
		{38CD71E6-6995-4D0D-A781-B4202B40BFB1}.Debug|Any CPU.ActiveCfg = Debug|Any CPU
		{38CD71E6-6995-4D0D-A781-B4202B40BFB1}.Debug|Any CPU.Build.0 = Debug|Any CPU
		{38CD71E6-6995-4D0D-A781-B4202B40BFB1}.Release|Any CPU.ActiveCfg = Release|Any CPU
		{38CD71E6-6995-4D0D-A781-B4202B40BFB1}.Release|Any CPU.Build.0 = Release|Any CPU
		{9FB218B2-7851-4B73-893B-354512488944}.Debug|Any CPU.ActiveCfg = Debug|Any CPU
		{9FB218B2-7851-4B73-893B-354512488944}.Debug|Any CPU.Build.0 = Debug|Any CPU
		{9FB218B2-7851-4B73-893B-354512488944}.Release|Any CPU.ActiveCfg = Release|Any CPU
		{9FB218B2-7851-4B73-893B-354512488944}.Release|Any CPU.Build.0 = Release|Any CPU
		{B034006E-B902-4732-A2AF-FACD573DB6A0}.Debug|Any CPU.ActiveCfg = Debug|Any CPU
		{B034006E-B902-4732-A2AF-FACD573DB6A0}.Debug|Any CPU.Build.0 = Debug|Any CPU
		{B034006E-B902-4732-A2AF-FACD573DB6A0}.Release|Any CPU.ActiveCfg = Release|Any CPU
		{B034006E-B902-4732-A2AF-FACD573DB6A0}.Release|Any CPU.Build.0 = Release|Any CPU
		{D6EB7BDA-7389-424A-8007-01AB91D65204}.Debug|Any CPU.ActiveCfg = Debug|Any CPU
		{D6EB7BDA-7389-424A-8007-01AB91D65204}.Debug|Any CPU.Build.0 = Debug|Any CPU
		{D6EB7BDA-7389-424A-8007-01AB91D65204}.Release|Any CPU.ActiveCfg = Release|Any CPU
		{D6EB7BDA-7389-424A-8007-01AB91D65204}.Release|Any CPU.Build.0 = Release|Any CPU
		{BB1E2059-D44E-43A7-AC26-755F2B987BC6}.Debug|Any CPU.ActiveCfg = Debug|Any CPU
		{BB1E2059-D44E-43A7-AC26-755F2B987BC6}.Debug|Any CPU.Build.0 = Debug|Any CPU
		{BB1E2059-D44E-43A7-AC26-755F2B987BC6}.Release|Any CPU.ActiveCfg = Release|Any CPU
		{BB1E2059-D44E-43A7-AC26-755F2B987BC6}.Release|Any CPU.Build.0 = Release|Any CPU
		{B9572EB9-9162-4FD2-B008-E02BB36574FA}.Debug|Any CPU.ActiveCfg = Debug|Any CPU
		{B9572EB9-9162-4FD2-B008-E02BB36574FA}.Debug|Any CPU.Build.0 = Debug|Any CPU
		{B9572EB9-9162-4FD2-B008-E02BB36574FA}.Release|Any CPU.ActiveCfg = Release|Any CPU
		{B9572EB9-9162-4FD2-B008-E02BB36574FA}.Release|Any CPU.Build.0 = Release|Any CPU
		{FE1C257B-1346-44D1-AA1A-BA7D374BA395}.Debug|Any CPU.ActiveCfg = Debug|Any CPU
		{FE1C257B-1346-44D1-AA1A-BA7D374BA395}.Debug|Any CPU.Build.0 = Debug|Any CPU
		{FE1C257B-1346-44D1-AA1A-BA7D374BA395}.Release|Any CPU.ActiveCfg = Release|Any CPU
		{FE1C257B-1346-44D1-AA1A-BA7D374BA395}.Release|Any CPU.Build.0 = Release|Any CPU
	EndGlobalSection
	GlobalSection(SolutionProperties) = preSolution
		HideSolutionNode = FALSE
	EndGlobalSection
	GlobalSection(ExtensibilityGlobals) = postSolution
		SolutionGuid = {2843F384-9F8E-4D08-934F-B863FC7F989B}
	EndGlobalSection
EndGlobal
