
Microsoft Visual Studio Solution File, Format Version 12.00
# Visual Studio Version 16
VisualStudioVersion = 16.0.29009.5
MinimumVisualStudioVersion = 10.0.40219.1
Project("{FAE04EC0-301F-11D3-BF4B-00C04F79EFBC}") = "Exercise1", "Exercise1\Exercise1.csproj", "{F8DE5E0F-2B8E-4740-90A7-7AF904B3FBD2}"
EndProject
Project("{FAE04EC0-301F-11D3-BF4B-00C04F79EFBC}") = "Exercise2", "Exercise2\Exercise2.csproj", "{990A7482-573D-4A0D-B51C-3DF2B2196A8A}"
EndProject
Project("{FAE04EC0-301F-11D3-BF4B-00C04F79EFBC}") = "Exercise4", "Exercise4\Exercise4.csproj", "{CCA47F71-40AE-4B2C-98E1-A4433D04FE7A}"
EndProject
Project("{9A19103F-16F7-4668-BE54-9A1E7A4F7556}") = "Exercise3", "Exercise3\Exercise3.csproj", "{8A1206EC-A160-46A7-B2CC-FC1FC57D5BEB}"
EndProject
Project("{9A19103F-16F7-4668-BE54-9A1E7A4F7556}") = "Exercise5", "Exercise5\Exercise5.csproj", "{BF18BEF8-B217-493B-A5A5-0652837FD639}"
EndProject
Project("{9A19103F-16F7-4668-BE54-9A1E7A4F7556}") = "Exercise6", "Exercise6\Exercise6.csproj", "{8DCF966A-5337-47FC-9170-C46D8A7314AB}"
EndProject
Project("{9A19103F-16F7-4668-BE54-9A1E7A4F7556}") = "Exercise7", "Exercise7\Exercise7.csproj", "{9D169E2E-B6AC-425C-AE68-E7736B8B0FF3}"
EndProject
Project("{9A19103F-16F7-4668-BE54-9A1E7A4F7556}") = "Exercise8", "Exercise8\Exercise8.csproj", "{DC13702D-6B43-4FAC-BC14-7C695115304C}"
EndProject
Project("{FAE04EC0-301F-11D3-BF4B-00C04F79EFBC}") = "Exercise9", "Exercise9\Exercise9.csproj", "{8EA0C821-F80D-4D58-A392-278F8959B239}"
EndProject
Project("{FAE04EC0-301F-11D3-BF4B-00C04F79EFBC}") = "Exercise10", "Exercise10\Exercise10.csproj", "{726696C7-7422-4F1F-BEA6-9498A8E0510D}"
EndProject
Global
	GlobalSection(SolutionConfigurationPlatforms) = preSolution
		Debug|Any CPU = Debug|Any CPU
		Release|Any CPU = Release|Any CPU
	EndGlobalSection
	GlobalSection(ProjectConfigurationPlatforms) = postSolution
		{F8DE5E0F-2B8E-4740-90A7-7AF904B3FBD2}.Debug|Any CPU.ActiveCfg = Debug|Any CPU
		{F8DE5E0F-2B8E-4740-90A7-7AF904B3FBD2}.Debug|Any CPU.Build.0 = Debug|Any CPU
		{F8DE5E0F-2B8E-4740-90A7-7AF904B3FBD2}.Release|Any CPU.ActiveCfg = Release|Any CPU
		{F8DE5E0F-2B8E-4740-90A7-7AF904B3FBD2}.Release|Any CPU.Build.0 = Release|Any CPU
		{990A7482-573D-4A0D-B51C-3DF2B2196A8A}.Debug|Any CPU.ActiveCfg = Debug|Any CPU
		{990A7482-573D-4A0D-B51C-3DF2B2196A8A}.Debug|Any CPU.Build.0 = Debug|Any CPU
		{990A7482-573D-4A0D-B51C-3DF2B2196A8A}.Release|Any CPU.ActiveCfg = Release|Any CPU
		{990A7482-573D-4A0D-B51C-3DF2B2196A8A}.Release|Any CPU.Build.0 = Release|Any CPU
		{CCA47F71-40AE-4B2C-98E1-A4433D04FE7A}.Debug|Any CPU.ActiveCfg = Debug|Any CPU
		{CCA47F71-40AE-4B2C-98E1-A4433D04FE7A}.Debug|Any CPU.Build.0 = Debug|Any CPU
		{CCA47F71-40AE-4B2C-98E1-A4433D04FE7A}.Release|Any CPU.ActiveCfg = Release|Any CPU
		{CCA47F71-40AE-4B2C-98E1-A4433D04FE7A}.Release|Any CPU.Build.0 = Release|Any CPU
		{8A1206EC-A160-46A7-B2CC-FC1FC57D5BEB}.Debug|Any CPU.ActiveCfg = Debug|Any CPU
		{8A1206EC-A160-46A7-B2CC-FC1FC57D5BEB}.Debug|Any CPU.Build.0 = Debug|Any CPU
		{8A1206EC-A160-46A7-B2CC-FC1FC57D5BEB}.Release|Any CPU.ActiveCfg = Release|Any CPU
		{8A1206EC-A160-46A7-B2CC-FC1FC57D5BEB}.Release|Any CPU.Build.0 = Release|Any CPU
		{BF18BEF8-B217-493B-A5A5-0652837FD639}.Debug|Any CPU.ActiveCfg = Debug|Any CPU
		{BF18BEF8-B217-493B-A5A5-0652837FD639}.Debug|Any CPU.Build.0 = Debug|Any CPU
		{BF18BEF8-B217-493B-A5A5-0652837FD639}.Release|Any CPU.ActiveCfg = Release|Any CPU
		{BF18BEF8-B217-493B-A5A5-0652837FD639}.Release|Any CPU.Build.0 = Release|Any CPU
		{8DCF966A-5337-47FC-9170-C46D8A7314AB}.Debug|Any CPU.ActiveCfg = Debug|Any CPU
		{8DCF966A-5337-47FC-9170-C46D8A7314AB}.Debug|Any CPU.Build.0 = Debug|Any CPU
		{8DCF966A-5337-47FC-9170-C46D8A7314AB}.Release|Any CPU.ActiveCfg = Release|Any CPU
		{8DCF966A-5337-47FC-9170-C46D8A7314AB}.Release|Any CPU.Build.0 = Release|Any CPU
		{9D169E2E-B6AC-425C-AE68-E7736B8B0FF3}.Debug|Any CPU.ActiveCfg = Debug|Any CPU
		{9D169E2E-B6AC-425C-AE68-E7736B8B0FF3}.Debug|Any CPU.Build.0 = Debug|Any CPU
		{9D169E2E-B6AC-425C-AE68-E7736B8B0FF3}.Release|Any CPU.ActiveCfg = Release|Any CPU
		{9D169E2E-B6AC-425C-AE68-E7736B8B0FF3}.Release|Any CPU.Build.0 = Release|Any CPU
		{DC13702D-6B43-4FAC-BC14-7C695115304C}.Debug|Any CPU.ActiveCfg = Debug|Any CPU
		{DC13702D-6B43-4FAC-BC14-7C695115304C}.Debug|Any CPU.Build.0 = Debug|Any CPU
		{DC13702D-6B43-4FAC-BC14-7C695115304C}.Release|Any CPU.ActiveCfg = Release|Any CPU
		{DC13702D-6B43-4FAC-BC14-7C695115304C}.Release|Any CPU.Build.0 = Release|Any CPU
		{8EA0C821-F80D-4D58-A392-278F8959B239}.Debug|Any CPU.ActiveCfg = Debug|Any CPU
		{8EA0C821-F80D-4D58-A392-278F8959B239}.Debug|Any CPU.Build.0 = Debug|Any CPU
		{8EA0C821-F80D-4D58-A392-278F8959B239}.Release|Any CPU.ActiveCfg = Release|Any CPU
		{8EA0C821-F80D-4D58-A392-278F8959B239}.Release|Any CPU.Build.0 = Release|Any CPU
		{726696C7-7422-4F1F-BEA6-9498A8E0510D}.Debug|Any CPU.ActiveCfg = Debug|Any CPU
		{726696C7-7422-4F1F-BEA6-9498A8E0510D}.Debug|Any CPU.Build.0 = Debug|Any CPU
		{726696C7-7422-4F1F-BEA6-9498A8E0510D}.Release|Any CPU.ActiveCfg = Release|Any CPU
		{726696C7-7422-4F1F-BEA6-9498A8E0510D}.Release|Any CPU.Build.0 = Release|Any CPU
	EndGlobalSection
	GlobalSection(SolutionProperties) = preSolution
		HideSolutionNode = FALSE
	EndGlobalSection
	GlobalSection(ExtensibilityGlobals) = postSolution
		SolutionGuid = {9E2B805A-E209-4714-AE87-3C7317951F1D}
	EndGlobalSection
EndGlobal
