
Microsoft Visual Studio Solution File, Format Version 12.00
# Visual Studio Version 16
VisualStudioVersion = 16.0.29123.88
MinimumVisualStudioVersion = 10.0.40219.1
Project("{FAE04EC0-301F-11D3-BF4B-00C04F79EFBC}") = "Account", "Account\Account.csproj", "{A78CD5DF-1FF9-4A14-A78F-7AED668C98A4}"
EndProject
Project("{FAE04EC0-301F-11D3-BF4B-00C04F79EFBC}") = "BankAccount", "BankAccount\BankAccount.csproj", "{4A462DDE-D798-4818-BB68-2116834B0035}"
EndProject
Project("{FAE04EC0-301F-11D3-BF4B-00C04F79EFBC}") = "EnergyDrinks", "EnergyDrinks\EnergyDrinks.csproj", "{7FCC007C-DD8E-40D3-9080-690E3A5BCACE}"
EndProject
Project("{FAE04EC0-301F-11D3-BF4B-00C04F79EFBC}") = "FuelConsumptionCalculator", "FuelConsumptionCalculator\FuelConsumptionCalculator.csproj", "{8CFA0561-C4D0-4419-AC65-C90E0AF2C6FC}"
EndProject
Project("{FAE04EC0-301F-11D3-BF4B-00C04F79EFBC}") = "VideoStore", "VideoStore\VideoStore.csproj", "{40352489-4287-4C39-879A-55BB1A9ED983}"
EndProject
Project("{9A19103F-16F7-4668-BE54-9A1E7A4F7556}") = "Exercise1", "Exercise1\Exercise1.csproj", "{983275F9-70F2-4617-B0A6-5DF5646312FC}"
EndProject
Project("{9A19103F-16F7-4668-BE54-9A1E7A4F7556}") = "Exercise5", "Exercise5\Exercise5.csproj", "{545FCC42-699F-484F-8067-3C64DA39C6DE}"
EndProject
Project("{9A19103F-16F7-4668-BE54-9A1E7A4F7556}") = "Exercise4", "Exercise4\Exercise4.csproj", "{095574D5-59B4-4AFD-8F40-D730D29FA45E}"
EndProject
Project("{9A19103F-16F7-4668-BE54-9A1E7A4F7556}") = "Exercise7", "Exercise7\Exercise7.csproj", "{F79CB25F-5EFD-42AF-B2A8-B07F46A2A11D}"
EndProject
Project("{9A19103F-16F7-4668-BE54-9A1E7A4F7556}") = "Exercise8", "Exercise8\Exercise8.csproj", "{9A5E4650-660A-41D4-A3FB-D1AED5407C0B}"
EndProject
Project("{9A19103F-16F7-4668-BE54-9A1E7A4F7556}") = "Exercise3", "Exercise3\Exercise3.csproj", "{29BDA251-EAC1-419C-81B2-F12DC402AC70}"
EndProject
Project("{9A19103F-16F7-4668-BE54-9A1E7A4F7556}") = "Exercise9", "Exercise9\Exercise9.csproj", "{B0DB95C9-C6E4-401F-9F85-495B19FB74AC}"
EndProject
Project("{FAE04EC0-301F-11D3-BF4B-00C04F79EFBC}") = "Exercise1.Tests", "Exercise1.Tests\Exercise1.Tests.csproj", "{FBA177C7-8050-4D25-A421-469DC6F5EAAC}"
EndProject
Project("{FAE04EC0-301F-11D3-BF4B-00C04F79EFBC}") = "Exercise5.Tests", "Exercise5.Tests\Exercise5.Tests.csproj", "{00392706-5B23-42BD-B19B-5DC23F8CD4A0}"
EndProject
Global
	GlobalSection(SolutionConfigurationPlatforms) = preSolution
		Debug|Any CPU = Debug|Any CPU
		Release|Any CPU = Release|Any CPU
	EndGlobalSection
	GlobalSection(ProjectConfigurationPlatforms) = postSolution
		{A78CD5DF-1FF9-4A14-A78F-7AED668C98A4}.Debug|Any CPU.ActiveCfg = Debug|Any CPU
		{A78CD5DF-1FF9-4A14-A78F-7AED668C98A4}.Debug|Any CPU.Build.0 = Debug|Any CPU
		{A78CD5DF-1FF9-4A14-A78F-7AED668C98A4}.Release|Any CPU.ActiveCfg = Release|Any CPU
		{A78CD5DF-1FF9-4A14-A78F-7AED668C98A4}.Release|Any CPU.Build.0 = Release|Any CPU
		{4A462DDE-D798-4818-BB68-2116834B0035}.Debug|Any CPU.ActiveCfg = Debug|Any CPU
		{4A462DDE-D798-4818-BB68-2116834B0035}.Debug|Any CPU.Build.0 = Debug|Any CPU
		{4A462DDE-D798-4818-BB68-2116834B0035}.Release|Any CPU.ActiveCfg = Release|Any CPU
		{4A462DDE-D798-4818-BB68-2116834B0035}.Release|Any CPU.Build.0 = Release|Any CPU
		{7FCC007C-DD8E-40D3-9080-690E3A5BCACE}.Debug|Any CPU.ActiveCfg = Debug|Any CPU
		{7FCC007C-DD8E-40D3-9080-690E3A5BCACE}.Debug|Any CPU.Build.0 = Debug|Any CPU
		{7FCC007C-DD8E-40D3-9080-690E3A5BCACE}.Release|Any CPU.ActiveCfg = Release|Any CPU
		{7FCC007C-DD8E-40D3-9080-690E3A5BCACE}.Release|Any CPU.Build.0 = Release|Any CPU
		{8CFA0561-C4D0-4419-AC65-C90E0AF2C6FC}.Debug|Any CPU.ActiveCfg = Debug|Any CPU
		{8CFA0561-C4D0-4419-AC65-C90E0AF2C6FC}.Debug|Any CPU.Build.0 = Debug|Any CPU
		{8CFA0561-C4D0-4419-AC65-C90E0AF2C6FC}.Release|Any CPU.ActiveCfg = Release|Any CPU
		{8CFA0561-C4D0-4419-AC65-C90E0AF2C6FC}.Release|Any CPU.Build.0 = Release|Any CPU
		{40352489-4287-4C39-879A-55BB1A9ED983}.Debug|Any CPU.ActiveCfg = Debug|Any CPU
		{40352489-4287-4C39-879A-55BB1A9ED983}.Debug|Any CPU.Build.0 = Debug|Any CPU
		{40352489-4287-4C39-879A-55BB1A9ED983}.Release|Any CPU.ActiveCfg = Release|Any CPU
		{40352489-4287-4C39-879A-55BB1A9ED983}.Release|Any CPU.Build.0 = Release|Any CPU
		{983275F9-70F2-4617-B0A6-5DF5646312FC}.Debug|Any CPU.ActiveCfg = Debug|Any CPU
		{983275F9-70F2-4617-B0A6-5DF5646312FC}.Debug|Any CPU.Build.0 = Debug|Any CPU
		{983275F9-70F2-4617-B0A6-5DF5646312FC}.Release|Any CPU.ActiveCfg = Release|Any CPU
		{983275F9-70F2-4617-B0A6-5DF5646312FC}.Release|Any CPU.Build.0 = Release|Any CPU
		{545FCC42-699F-484F-8067-3C64DA39C6DE}.Debug|Any CPU.ActiveCfg = Debug|Any CPU
		{545FCC42-699F-484F-8067-3C64DA39C6DE}.Debug|Any CPU.Build.0 = Debug|Any CPU
		{545FCC42-699F-484F-8067-3C64DA39C6DE}.Release|Any CPU.ActiveCfg = Release|Any CPU
		{545FCC42-699F-484F-8067-3C64DA39C6DE}.Release|Any CPU.Build.0 = Release|Any CPU
		{095574D5-59B4-4AFD-8F40-D730D29FA45E}.Debug|Any CPU.ActiveCfg = Debug|Any CPU
		{095574D5-59B4-4AFD-8F40-D730D29FA45E}.Debug|Any CPU.Build.0 = Debug|Any CPU
		{095574D5-59B4-4AFD-8F40-D730D29FA45E}.Release|Any CPU.ActiveCfg = Release|Any CPU
		{095574D5-59B4-4AFD-8F40-D730D29FA45E}.Release|Any CPU.Build.0 = Release|Any CPU
		{F79CB25F-5EFD-42AF-B2A8-B07F46A2A11D}.Debug|Any CPU.ActiveCfg = Debug|Any CPU
		{F79CB25F-5EFD-42AF-B2A8-B07F46A2A11D}.Debug|Any CPU.Build.0 = Debug|Any CPU
		{F79CB25F-5EFD-42AF-B2A8-B07F46A2A11D}.Release|Any CPU.ActiveCfg = Release|Any CPU
		{F79CB25F-5EFD-42AF-B2A8-B07F46A2A11D}.Release|Any CPU.Build.0 = Release|Any CPU
		{9A5E4650-660A-41D4-A3FB-D1AED5407C0B}.Debug|Any CPU.ActiveCfg = Debug|Any CPU
		{9A5E4650-660A-41D4-A3FB-D1AED5407C0B}.Debug|Any CPU.Build.0 = Debug|Any CPU
		{9A5E4650-660A-41D4-A3FB-D1AED5407C0B}.Release|Any CPU.ActiveCfg = Release|Any CPU
		{9A5E4650-660A-41D4-A3FB-D1AED5407C0B}.Release|Any CPU.Build.0 = Release|Any CPU
		{29BDA251-EAC1-419C-81B2-F12DC402AC70}.Debug|Any CPU.ActiveCfg = Debug|Any CPU
		{29BDA251-EAC1-419C-81B2-F12DC402AC70}.Debug|Any CPU.Build.0 = Debug|Any CPU
		{29BDA251-EAC1-419C-81B2-F12DC402AC70}.Release|Any CPU.ActiveCfg = Release|Any CPU
		{29BDA251-EAC1-419C-81B2-F12DC402AC70}.Release|Any CPU.Build.0 = Release|Any CPU
		{B0DB95C9-C6E4-401F-9F85-495B19FB74AC}.Debug|Any CPU.ActiveCfg = Debug|Any CPU
		{B0DB95C9-C6E4-401F-9F85-495B19FB74AC}.Debug|Any CPU.Build.0 = Debug|Any CPU
		{B0DB95C9-C6E4-401F-9F85-495B19FB74AC}.Release|Any CPU.ActiveCfg = Release|Any CPU
		{B0DB95C9-C6E4-401F-9F85-495B19FB74AC}.Release|Any CPU.Build.0 = Release|Any CPU
		{FBA177C7-8050-4D25-A421-469DC6F5EAAC}.Debug|Any CPU.ActiveCfg = Debug|Any CPU
		{FBA177C7-8050-4D25-A421-469DC6F5EAAC}.Debug|Any CPU.Build.0 = Debug|Any CPU
		{FBA177C7-8050-4D25-A421-469DC6F5EAAC}.Release|Any CPU.ActiveCfg = Release|Any CPU
		{FBA177C7-8050-4D25-A421-469DC6F5EAAC}.Release|Any CPU.Build.0 = Release|Any CPU
		{00392706-5B23-42BD-B19B-5DC23F8CD4A0}.Debug|Any CPU.ActiveCfg = Debug|Any CPU
		{00392706-5B23-42BD-B19B-5DC23F8CD4A0}.Debug|Any CPU.Build.0 = Debug|Any CPU
		{00392706-5B23-42BD-B19B-5DC23F8CD4A0}.Release|Any CPU.ActiveCfg = Release|Any CPU
		{00392706-5B23-42BD-B19B-5DC23F8CD4A0}.Release|Any CPU.Build.0 = Release|Any CPU
	EndGlobalSection
	GlobalSection(SolutionProperties) = preSolution
		HideSolutionNode = FALSE
	EndGlobalSection
	GlobalSection(ExtensibilityGlobals) = postSolution
		SolutionGuid = {57C5E787-AAEA-41CC-BD12-4A66023D0568}
	EndGlobalSection
EndGlobal
