
Microsoft Visual Studio Solution File, Format Version 12.00
# Visual Studio Version 16
VisualStudioVersion = 16.0.32002.261
MinimumVisualStudioVersion = 10.0.40219.1
Project("{9A19103F-16F7-4668-BE54-9A1E7A4F7556}") = "Exercise_8", "Exercise_8.csproj", "{27872E8B-FF19-497A-8F0F-FE3043B45A5C}"
EndProject
Project("{FAE04EC0-301F-11D3-BF4B-00C04F79EFBC}") = "Exercise8.Tests", "..\Exercise8.Tests\Exercise8.Tests.csproj", "{90AADC51-2D43-4D25-ADC9-F6FAF3485ACD}"
EndProject
Global
	GlobalSection(SolutionConfigurationPlatforms) = preSolution
		Debug|Any CPU = Debug|Any CPU
		Release|Any CPU = Release|Any CPU
	EndGlobalSection
	GlobalSection(ProjectConfigurationPlatforms) = postSolution
		{27872E8B-FF19-497A-8F0F-FE3043B45A5C}.Debug|Any CPU.ActiveCfg = Debug|Any CPU
		{27872E8B-FF19-497A-8F0F-FE3043B45A5C}.Debug|Any CPU.Build.0 = Debug|Any CPU
		{27872E8B-FF19-497A-8F0F-FE3043B45A5C}.Release|Any CPU.ActiveCfg = Release|Any CPU
		{27872E8B-FF19-497A-8F0F-FE3043B45A5C}.Release|Any CPU.Build.0 = Release|Any CPU
		{90AADC51-2D43-4D25-ADC9-F6FAF3485ACD}.Debug|Any CPU.ActiveCfg = Debug|Any CPU
		{90AADC51-2D43-4D25-ADC9-F6FAF3485ACD}.Debug|Any CPU.Build.0 = Debug|Any CPU
		{90AADC51-2D43-4D25-ADC9-F6FAF3485ACD}.Release|Any CPU.ActiveCfg = Release|Any CPU
		{90AADC51-2D43-4D25-ADC9-F6FAF3485ACD}.Release|Any CPU.Build.0 = Release|Any CPU
	EndGlobalSection
	GlobalSection(SolutionProperties) = preSolution
		HideSolutionNode = FALSE
	EndGlobalSection
	GlobalSection(ExtensibilityGlobals) = postSolution
		SolutionGuid = {8F711CD4-CC5F-423C-8CE9-E87103178351}
	EndGlobalSection
EndGlobal
