
Microsoft Visual Studio Solution File, Format Version 12.00
# Visual Studio Version 16
VisualStudioVersion = 16.0.32002.261
MinimumVisualStudioVersion = 10.0.40219.1
Project("{9A19103F-16F7-4668-BE54-9A1E7A4F7556}") = "Exercise6", "Exercise6.csproj", "{FAEAACB3-12F6-46B0-91E4-8906F4F80BE9}"
EndProject
Project("{FAE04EC0-301F-11D3-BF4B-00C04F79EFBC}") = "Exercise6.Tests", "..\Exercise6.Tests\Exercise6.Tests.csproj", "{71AA4892-AF47-4ED4-A618-3D3214546284}"
EndProject
Global
	GlobalSection(SolutionConfigurationPlatforms) = preSolution
		Debug|Any CPU = Debug|Any CPU
		Release|Any CPU = Release|Any CPU
	EndGlobalSection
	GlobalSection(ProjectConfigurationPlatforms) = postSolution
		{FAEAACB3-12F6-46B0-91E4-8906F4F80BE9}.Debug|Any CPU.ActiveCfg = Debug|Any CPU
		{FAEAACB3-12F6-46B0-91E4-8906F4F80BE9}.Debug|Any CPU.Build.0 = Debug|Any CPU
		{FAEAACB3-12F6-46B0-91E4-8906F4F80BE9}.Release|Any CPU.ActiveCfg = Release|Any CPU
		{FAEAACB3-12F6-46B0-91E4-8906F4F80BE9}.Release|Any CPU.Build.0 = Release|Any CPU
		{71AA4892-AF47-4ED4-A618-3D3214546284}.Debug|Any CPU.ActiveCfg = Debug|Any CPU
		{71AA4892-AF47-4ED4-A618-3D3214546284}.Debug|Any CPU.Build.0 = Debug|Any CPU
		{71AA4892-AF47-4ED4-A618-3D3214546284}.Release|Any CPU.ActiveCfg = Release|Any CPU
		{71AA4892-AF47-4ED4-A618-3D3214546284}.Release|Any CPU.Build.0 = Release|Any CPU
	EndGlobalSection
	GlobalSection(SolutionProperties) = preSolution
		HideSolutionNode = FALSE
	EndGlobalSection
	GlobalSection(ExtensibilityGlobals) = postSolution
		SolutionGuid = {2B540F48-7473-48F4-B4F9-7C5F2104D4C4}
	EndGlobalSection
EndGlobal
